
Microsoft Visual Studio Solution File, Format Version 12.00
# Visual Studio Version 17
VisualStudioVersion = 17.0.32014.148
MinimumVisualStudioVersion = 10.0.40219.1
Project("{FAE04EC0-301F-11D3-BF4B-00C04F79EFBC}") = "OneSteps.DatabaseAccessor", "OneSteps.DatabaseAccessor\OneSteps.DatabaseAccessor.csproj", "{5A0536E4-27ED-4D91-9BE7-A17E6F382B0A}"
EndProject
Project("{FAE04EC0-301F-11D3-BF4B-00C04F79EFBC}") = "OneSteps.Utils", "OneSteps.Utils\OneSteps.Utils.csproj", "{A1603D53-1CD9-49FC-9237-687ADACB95F0}"
EndProject
Project("{FAE04EC0-301F-11D3-BF4B-00C04F79EFBC}") = "OneSteps.Core", "OneSteps.Core\OneSteps.Core.csproj", "{024239FC-697A-4AEC-A9C3-AA67DF428C8F}"
EndProject
Project("{FAE04EC0-301F-11D3-BF4B-00C04F79EFBC}") = "UnitTest", "UnitTest\UnitTest.csproj", "{9CAA9364-77A7-4EAA-A4B2-BBBEAE3E4871}"
EndProject
Global
	GlobalSection(SolutionConfigurationPlatforms) = preSolution
		Debug|Any CPU = Debug|Any CPU
		Release|Any CPU = Release|Any CPU
	EndGlobalSection
	GlobalSection(ProjectConfigurationPlatforms) = postSolution
		{5A0536E4-27ED-4D91-9BE7-A17E6F382B0A}.Debug|Any CPU.ActiveCfg = Debug|Any CPU
		{5A0536E4-27ED-4D91-9BE7-A17E6F382B0A}.Debug|Any CPU.Build.0 = Debug|Any CPU
		{5A0536E4-27ED-4D91-9BE7-A17E6F382B0A}.Release|Any CPU.ActiveCfg = Release|Any CPU
		{5A0536E4-27ED-4D91-9BE7-A17E6F382B0A}.Release|Any CPU.Build.0 = Release|Any CPU
		{A1603D53-1CD9-49FC-9237-687ADACB95F0}.Debug|Any CPU.ActiveCfg = Debug|Any CPU
		{A1603D53-1CD9-49FC-9237-687ADACB95F0}.Debug|Any CPU.Build.0 = Debug|Any CPU
		{A1603D53-1CD9-49FC-9237-687ADACB95F0}.Release|Any CPU.ActiveCfg = Release|Any CPU
		{A1603D53-1CD9-49FC-9237-687ADACB95F0}.Release|Any CPU.Build.0 = Release|Any CPU
		{024239FC-697A-4AEC-A9C3-AA67DF428C8F}.Debug|Any CPU.ActiveCfg = Debug|Any CPU
		{024239FC-697A-4AEC-A9C3-AA67DF428C8F}.Debug|Any CPU.Build.0 = Debug|Any CPU
		{024239FC-697A-4AEC-A9C3-AA67DF428C8F}.Release|Any CPU.ActiveCfg = Release|Any CPU
		{024239FC-697A-4AEC-A9C3-AA67DF428C8F}.Release|Any CPU.Build.0 = Release|Any CPU
		{9CAA9364-77A7-4EAA-A4B2-BBBEAE3E4871}.Debug|Any CPU.ActiveCfg = Debug|Any CPU
		{9CAA9364-77A7-4EAA-A4B2-BBBEAE3E4871}.Debug|Any CPU.Build.0 = Debug|Any CPU
		{9CAA9364-77A7-4EAA-A4B2-BBBEAE3E4871}.Release|Any CPU.ActiveCfg = Release|Any CPU
		{9CAA9364-77A7-4EAA-A4B2-BBBEAE3E4871}.Release|Any CPU.Build.0 = Release|Any CPU
	EndGlobalSection
	GlobalSection(SolutionProperties) = preSolution
		HideSolutionNode = FALSE
	EndGlobalSection
	GlobalSection(ExtensibilityGlobals) = postSolution
		SolutionGuid = {900897C4-2BCA-4438-827F-EC3631A658F3}
	EndGlobalSection
EndGlobal
